<?xml version="1.0" encoding="utf-8"?>
<Project ToolsVersion="4.0" xmlns="http://schemas.microsoft.com/developer/msbuild/2003">
  <ItemGroup>
    <ClCompile Include="pch.cpp" />
    <ClCompile Include="ChoicePropertyTest.cpp" />
    <ClCompile Include="NumericPropertyTest.cpp" />
    <ClCompile Include="GroupTest.cpp" />
  </ItemGroup>
  <ItemGroup>
    <ClInclude Include="pch.h" />
    <ClInclude Include="resource.h" />
  </ItemGroup>
  <ItemGroup>
    <None Include="packages.config" />
  </ItemGroup>
  <ItemGroup>
    <Filter Include="resources">
      <UniqueIdentifier>{9052ea75-0927-481c-9d0e-9d55486a2549}</UniqueIdentifier>
    </Filter>
  </ItemGroup>
  <ItemGroup>
    <CopyFileToFolders Include="resources\DefaultConfig.json">
      <Filter>resources</Filter>
    </CopyFileToFolders>
    <CopyFileToFolders Include="resources\Schema.json">
      <Filter>resources</Filter>
    </CopyFileToFolders>
  </ItemGroup>
</Project>